
Microsoft Visual Studio Solution File, Format Version 12.00
# Visual Studio Version 18
VisualStudioVersion = 18.5.11723.231 stable
MinimumVisualStudioVersion = 10.0.40219.1
Project("{FAE04EC0-301F-11D3-BF4B-00C04F79EFBC}") = "AvaloniaRegionizer", "AvaloniaRegionizer\AvaloniaRegionizer\AvaloniaRegionizer.csproj", "{C667A337-6A1C-4B2B-A724-0EF08E94D2EE}"
EndProject
Project("{FAE04EC0-301F-11D3-BF4B-00C04F79EFBC}") = "AvaloniaRegionizer.Desktop", "AvaloniaRegionizer\AvaloniaRegionizer.Desktop\AvaloniaRegionizer.Desktop.csproj", "{65A8BEA2-789B-4F48-94C8-79578C2BEC45}"
EndProject
Project("{2150E333-8FDC-42A3-9474-1A3956D46DE8}") = "src", "src", "{827E0CD3-B72D-47B6-A68D-7590B98EB39B}"
EndProject
Project("{FAE04EC0-301F-11D3-BF4B-00C04F79EFBC}") = "MapRegionizer.Core", "src\MapRegionizer.Core\MapRegionizer.Core.csproj", "{D94411AE-E389-4EBC-90BE-E5D1175B1A8B}"
EndProject
Project("{FAE04EC0-301F-11D3-BF4B-00C04F79EFBC}") = "MapRegionizer.ImageSharp", "src\MapRegionizer.ImageSharp\MapRegionizer.ImageSharp.csproj", "{B2240055-A9B9-421B-B63D-CC118C9BEC18}"
EndProject
Project("{FAE04EC0-301F-11D3-BF4B-00C04F79EFBC}") = "MapRegionizer.GeoJson", "src\MapRegionizer.GeoJson\MapRegionizer.GeoJson.csproj", "{A0D305D9-4A1C-47CD-BD20-7DC0CAD3A110}"
EndProject
Global
	GlobalSection(SolutionConfigurationPlatforms) = preSolution
		Debug|Any CPU = Debug|Any CPU
		Debug|x64 = Debug|x64
		Debug|x86 = Debug|x86
		Release|Any CPU = Release|Any CPU
		Release|x64 = Release|x64
		Release|x86 = Release|x86
	EndGlobalSection
	GlobalSection(ProjectConfigurationPlatforms) = postSolution
		{C667A337-6A1C-4B2B-A724-0EF08E94D2EE}.Debug|Any CPU.ActiveCfg = Debug|Any CPU
		{C667A337-6A1C-4B2B-A724-0EF08E94D2EE}.Debug|Any CPU.Build.0 = Debug|Any CPU
		{C667A337-6A1C-4B2B-A724-0EF08E94D2EE}.Debug|x64.ActiveCfg = Debug|Any CPU
		{C667A337-6A1C-4B2B-A724-0EF08E94D2EE}.Debug|x64.Build.0 = Debug|Any CPU
		{C667A337-6A1C-4B2B-A724-0EF08E94D2EE}.Debug|x86.ActiveCfg = Debug|Any CPU
		{C667A337-6A1C-4B2B-A724-0EF08E94D2EE}.Debug|x86.Build.0 = Debug|Any CPU
		{C667A337-6A1C-4B2B-A724-0EF08E94D2EE}.Release|Any CPU.ActiveCfg = Release|Any CPU
		{C667A337-6A1C-4B2B-A724-0EF08E94D2EE}.Release|Any CPU.Build.0 = Release|Any CPU
		{C667A337-6A1C-4B2B-A724-0EF08E94D2EE}.Release|x64.ActiveCfg = Release|Any CPU
		{C667A337-6A1C-4B2B-A724-0EF08E94D2EE}.Release|x64.Build.0 = Release|Any CPU
		{C667A337-6A1C-4B2B-A724-0EF08E94D2EE}.Release|x86.ActiveCfg = Release|Any CPU
		{C667A337-6A1C-4B2B-A724-0EF08E94D2EE}.Release|x86.Build.0 = Release|Any CPU
		{65A8BEA2-789B-4F48-94C8-79578C2BEC45}.Debug|Any CPU.ActiveCfg = Debug|Any CPU
		{65A8BEA2-789B-4F48-94C8-79578C2BEC45}.Debug|Any CPU.Build.0 = Debug|Any CPU
		{65A8BEA2-789B-4F48-94C8-79578C2BEC45}.Debug|x64.ActiveCfg = Debug|Any CPU
		{65A8BEA2-789B-4F48-94C8-79578C2BEC45}.Debug|x64.Build.0 = Debug|Any CPU
		{65A8BEA2-789B-4F48-94C8-79578C2BEC45}.Debug|x86.ActiveCfg = Debug|Any CPU
		{65A8BEA2-789B-4F48-94C8-79578C2BEC45}.Debug|x86.Build.0 = Debug|Any CPU
		{65A8BEA2-789B-4F48-94C8-79578C2BEC45}.Release|Any CPU.ActiveCfg = Release|Any CPU
		{65A8BEA2-789B-4F48-94C8-79578C2BEC45}.Release|Any CPU.Build.0 = Release|Any CPU
		{65A8BEA2-789B-4F48-94C8-79578C2BEC45}.Release|x64.ActiveCfg = Release|Any CPU
		{65A8BEA2-789B-4F48-94C8-79578C2BEC45}.Release|x64.Build.0 = Release|Any CPU
		{65A8BEA2-789B-4F48-94C8-79578C2BEC45}.Release|x86.ActiveCfg = Release|Any CPU
		{65A8BEA2-789B-4F48-94C8-79578C2BEC45}.Release|x86.Build.0 = Release|Any CPU
		{D94411AE-E389-4EBC-90BE-E5D1175B1A8B}.Debug|Any CPU.ActiveCfg = Debug|Any CPU
		{D94411AE-E389-4EBC-90BE-E5D1175B1A8B}.Debug|Any CPU.Build.0 = Debug|Any CPU
		{D94411AE-E389-4EBC-90BE-E5D1175B1A8B}.Debug|x64.ActiveCfg = Debug|Any CPU
		{D94411AE-E389-4EBC-90BE-E5D1175B1A8B}.Debug|x64.Build.0 = Debug|Any CPU
		{D94411AE-E389-4EBC-90BE-E5D1175B1A8B}.Debug|x86.ActiveCfg = Debug|Any CPU
		{D94411AE-E389-4EBC-90BE-E5D1175B1A8B}.Debug|x86.Build.0 = Debug|Any CPU
		{D94411AE-E389-4EBC-90BE-E5D1175B1A8B}.Release|Any CPU.ActiveCfg = Release|Any CPU
		{D94411AE-E389-4EBC-90BE-E5D1175B1A8B}.Release|Any CPU.Build.0 = Release|Any CPU
		{D94411AE-E389-4EBC-90BE-E5D1175B1A8B}.Release|x64.ActiveCfg = Release|Any CPU
		{D94411AE-E389-4EBC-90BE-E5D1175B1A8B}.Release|x64.Build.0 = Release|Any CPU
		{D94411AE-E389-4EBC-90BE-E5D1175B1A8B}.Release|x86.ActiveCfg = Release|Any CPU
		{D94411AE-E389-4EBC-90BE-E5D1175B1A8B}.Release|x86.Build.0 = Release|Any CPU
		{B2240055-A9B9-421B-B63D-CC118C9BEC18}.Debug|Any CPU.ActiveCfg = Debug|Any CPU
		{B2240055-A9B9-421B-B63D-CC118C9BEC18}.Debug|Any CPU.Build.0 = Debug|Any CPU
		{B2240055-A9B9-421B-B63D-CC118C9BEC18}.Debug|x64.ActiveCfg = Debug|Any CPU
		{B2240055-A9B9-421B-B63D-CC118C9BEC18}.Debug|x64.Build.0 = Debug|Any CPU
		{B2240055-A9B9-421B-B63D-CC118C9BEC18}.Debug|x86.ActiveCfg = Debug|Any CPU
		{B2240055-A9B9-421B-B63D-CC118C9BEC18}.Debug|x86.Build.0 = Debug|Any CPU
		{B2240055-A9B9-421B-B63D-CC118C9BEC18}.Release|Any CPU.ActiveCfg = Release|Any CPU
		{B2240055-A9B9-421B-B63D-CC118C9BEC18}.Release|Any CPU.Build.0 = Release|Any CPU
		{B2240055-A9B9-421B-B63D-CC118C9BEC18}.Release|x64.ActiveCfg = Release|Any CPU
		{B2240055-A9B9-421B-B63D-CC118C9BEC18}.Release|x64.Build.0 = Release|Any CPU
		{B2240055-A9B9-421B-B63D-CC118C9BEC18}.Release|x86.ActiveCfg = Release|Any CPU
		{B2240055-A9B9-421B-B63D-CC118C9BEC18}.Release|x86.Build.0 = Release|Any CPU
		{A0D305D9-4A1C-47CD-BD20-7DC0CAD3A110}.Debug|Any CPU.ActiveCfg = Debug|Any CPU
		{A0D305D9-4A1C-47CD-BD20-7DC0CAD3A110}.Debug|Any CPU.Build.0 = Debug|Any CPU
		{A0D305D9-4A1C-47CD-BD20-7DC0CAD3A110}.Debug|x64.ActiveCfg = Debug|Any CPU
		{A0D305D9-4A1C-47CD-BD20-7DC0CAD3A110}.Debug|x64.Build.0 = Debug|Any CPU
		{A0D305D9-4A1C-47CD-BD20-7DC0CAD3A110}.Debug|x86.ActiveCfg = Debug|Any CPU
		{A0D305D9-4A1C-47CD-BD20-7DC0CAD3A110}.Debug|x86.Build.0 = Debug|Any CPU
		{A0D305D9-4A1C-47CD-BD20-7DC0CAD3A110}.Release|Any CPU.ActiveCfg = Release|Any CPU
		{A0D305D9-4A1C-47CD-BD20-7DC0CAD3A110}.Release|Any CPU.Build.0 = Release|Any CPU
		{A0D305D9-4A1C-47CD-BD20-7DC0CAD3A110}.Release|x64.ActiveCfg = Release|Any CPU
		{A0D305D9-4A1C-47CD-BD20-7DC0CAD3A110}.Release|x64.Build.0 = Release|Any CPU
		{A0D305D9-4A1C-47CD-BD20-7DC0CAD3A110}.Release|x86.ActiveCfg = Release|Any CPU
		{A0D305D9-4A1C-47CD-BD20-7DC0CAD3A110}.Release|x86.Build.0 = Release|Any CPU
	EndGlobalSection
	GlobalSection(SolutionProperties) = preSolution
		HideSolutionNode = FALSE
	EndGlobalSection
	GlobalSection(NestedProjects) = preSolution
		{D94411AE-E389-4EBC-90BE-E5D1175B1A8B} = {827E0CD3-B72D-47B6-A68D-7590B98EB39B}
		{B2240055-A9B9-421B-B63D-CC118C9BEC18} = {827E0CD3-B72D-47B6-A68D-7590B98EB39B}
		{A0D305D9-4A1C-47CD-BD20-7DC0CAD3A110} = {827E0CD3-B72D-47B6-A68D-7590B98EB39B}
	EndGlobalSection
	GlobalSection(ExtensibilityGlobals) = postSolution
		SolutionGuid = {307B0585-E1BE-4C04-8B22-46F03FC3700E}
	EndGlobalSection
EndGlobal
